// !$*UTF8*$!
{
	archiveVersion = 1;
	classes = {
	};
	objectVersion = 46;
	objects = {

/* Begin PBXBuildFile section */
		64020FAF1E3F3DCC00AB4034 /* LFTEtica-Regular.otf in Resources */ = {isa = PBXBuildFile; fileRef = 64020FAE1E3F3DCC00AB4034 /* LFTEtica-Regular.otf */; };
		64020FB11E3F558B00AB4034 /* Assets.xcassets in Resources */ = {isa = PBXBuildFile; fileRef = 64020FB01E3F558B00AB4034 /* Assets.xcassets */; };
		64864B861E39E457002301DC /* AppDelegate.swift in Sources */ = {isa = PBXBuildFile; fileRef = 64864B851E39E457002301DC /* AppDelegate.swift */; };
		64864B881E39E457002301DC /* ViewController.swift in Sources */ = {isa = PBXBuildFile; fileRef = 64864B871E39E457002301DC /* ViewController.swift */; };
		64864B8B1E39E457002301DC /* Main.storyboard in Resources */ = {isa = PBXBuildFile; fileRef = 64864B891E39E457002301DC /* Main.storyboard */; };
		64864B901E39E457002301DC /* LaunchScreen.storyboard in Resources */ = {isa = PBXBuildFile; fileRef = 64864B8E1E39E457002301DC /* LaunchScreen.storyboard */; };
		64F251E41E44CFBF00023D4F /* LottieLogo1.json in Resources */ = {isa = PBXBuildFile; fileRef = 64F251E31E44CFBF00023D4F /* LottieLogo1.json */; };
		7F918B61285812E992F3F965 /* Pods_AppBuilders2017.framework in Frameworks */ = {isa = PBXBuildFile; fileRef = D10A4231CAC476F864E3C3EB /* Pods_AppBuilders2017.framework */; };
/* End PBXBuildFile section */

/* Begin PBXFileReference section */
		0EE5340B83BE4BB8F180E55B /* Pods-AppBuilders2017.debug.xcconfig */ = {isa = PBXFileReference; includeInIndex = 1; lastKnownFileType = text.xcconfig; name = "Pods-AppBuilders2017.debug.xcconfig"; path = "Pods/Target Support Files/Pods-AppBuilders2017/Pods-AppBuilders2017.debug.xcconfig"; sourceTree = "<group>"; };
		64020FAE1E3F3DCC00AB4034 /* LFTEtica-Regular.otf */ = {isa = PBXFileReference; lastKnownFileType = file; path = "LFTEtica-Regular.otf"; sourceTree = "<group>"; };
		64020FB01E3F558B00AB4034 /* Assets.xcassets */ = {isa = PBXFileReference; lastKnownFileType = folder.assetcatalog; path = Assets.xcassets; sourceTree = "<group>"; };
		64864B821E39E457002301DC /* AppBuilders2017.app */ = {isa = PBXFileReference; explicitFileType = wrapper.application; includeInIndex = 0; path = AppBuilders2017.app; sourceTree = BUILT_PRODUCTS_DIR; };
		64864B851E39E457002301DC /* AppDelegate.swift */ = {isa = PBXFileReference; lastKnownFileType = sourcecode.swift; path = AppDelegate.swift; sourceTree = "<group>"; };
		64864B871E39E457002301DC /* ViewController.swift */ = {isa = PBXFileReference; lastKnownFileType = sourcecode.swift; path = ViewController.swift; sourceTree = "<group>"; };
		64864B8A1E39E457002301DC /* Base */ = {isa = PBXFileReference; lastKnownFileType = file.storyboard; name = Base; path = Base.lproj/Main.storyboard; sourceTree = "<group>"; };
		64864B8F1E39E457002301DC /* Base */ = {isa = PBXFileReference; lastKnownFileType = file.storyboard; name = Base; path = Base.lproj/LaunchScreen.storyboard; sourceTree = "<group>"; };
		64864B911E39E457002301DC /* Info.plist */ = {isa = PBXFileReference; lastKnownFileType = text.plist.xml; path = Info.plist; sourceTree = "<group>"; };
		64F251E31E44CFBF00023D4F /* LottieLogo1.json */ = {isa = PBXFileReference; fileEncoding = 4; lastKnownFileType = text.json; path = LottieLogo1.json; sourceTree = "<group>"; };
		BEDED76262542CC023FDE415 /* Pods-AppBuilders2017.release.xcconfig */ = {isa = PBXFileReference; includeInIndex = 1; lastKnownFileType = text.xcconfig; name = "Pods-AppBuilders2017.release.xcconfig"; path = "Pods/Target Support Files/Pods-AppBuilders2017/Pods-AppBuilders2017.release.xcconfig"; sourceTree = "<group>"; };
		D10A4231CAC476F864E3C3EB /* Pods_AppBuilders2017.framework */ = {isa = PBXFileReference; explicitFileType = wrapper.framework; includeInIndex = 0; path = Pods_AppBuilders2017.framework; sourceTree = BUILT_PRODUCTS_DIR; };
/* End PBXFileReference section */

/* Begin PBXFrameworksBuildPhase section */
		64864B7F1E39E456002301DC /* Frameworks */ = {
			isa = PBXFrameworksBuildPhase;
			buildActionMask = 2147483647;
			files = (
				7F918B61285812E992F3F965 /* Pods_AppBuilders2017.framework in Frameworks */,
			);
			runOnlyForDeploymentPostprocessing = 0;
		};
/* End PBXFrameworksBuildPhase section */

/* Begin PBXGroup section */
		36A030FF2C817E20652A4AB8 /* Pods */ = {
			isa = PBXGroup;
			children = (
				0EE5340B83BE4BB8F180E55B /* Pods-AppBuilders2017.debug.xcconfig */,
				BEDED76262542CC023FDE415 /* Pods-AppBuilders2017.release.xcconfig */,
			);
			name = Pods;
			sourceTree = "<group>";
		};
		64864B791E39E456002301DC = {
			isa = PBXGroup;
			children = (
				64864B841E39E457002301DC /* AppBuilders2017 */,
				64864B831E39E457002301DC /* Products */,
				36A030FF2C817E20652A4AB8 /* Pods */,
				D807E9FEDB3AEB3E45CC8D89 /* Frameworks */,
			);
			sourceTree = "<group>";
		};
		64864B831E39E457002301DC /* Products */ = {
			isa = PBXGroup;
			children = (
				64864B821E39E457002301DC /* AppBuilders2017.app */,
			);
			name = Products;
			sourceTree = "<group>";
		};
		64864B841E39E457002301DC /* AppBuilders2017 */ = {
			isa = PBXGroup;
			children = (
				64020FB01E3F558B00AB4034 /* Assets.xcassets */,
				64864B851E39E457002301DC /* AppDelegate.swift */,
				64864B871E39E457002301DC /* ViewController.swift */,
				64864B891E39E457002301DC /* Main.storyboard */,
				64864B8E1E39E457002301DC /* LaunchScreen.storyboard */,
				64864B911E39E457002301DC /* Info.plist */,
				64F251E31E44CFBF00023D4F /* LottieLogo1.json */,
				64020FAE1E3F3DCC00AB4034 /* LFTEtica-Regular.otf */,
			);
			path = AppBuilders2017;
			sourceTree = "<group>";
		};
		D807E9FEDB3AEB3E45CC8D89 /* Frameworks */ = {
			isa = PBXGroup;
			children = (
				D10A4231CAC476F864E3C3EB /* Pods_AppBuilders2017.framework */,
			);
			name = Frameworks;
			sourceTree = "<group>";
		};
/* End PBXGroup section */

/* Begin PBXNativeTarget section */
		64864B811E39E456002301DC /* AppBuilders2017 */ = {
			isa = PBXNativeTarget;
			buildConfigurationList = 64864B941E39E457002301DC /* Build configuration list for PBXNativeTarget "AppBuilders2017" */;
			buildPhases = (
				E4DFA450ACB30AEA6BAFFDF3 /* [CP] Check Pods Manifest.lock */,
				64864B7E1E39E456002301DC /* Sources */,
				64864B7F1E39E456002301DC /* Frameworks */,
				64864B801E39E456002301DC /* Resources */,
				3751076BF4DB366CCBED216B /* [CP] Embed Pods Frameworks */,
				331EC5B1297A37CACC6D040C /* [CP] Copy Pods Resources */,
			);
			buildRules = (
			);
			dependencies = (
			);
			name = AppBuilders2017;
			productName = AppBuilders2017;
			productReference = 64864B821E39E457002301DC /* AppBuilders2017.app */;
			productType = "com.apple.product-type.application";
		};
/* End PBXNativeTarget section */

/* Begin PBXProject section */
		64864B7A1E39E456002301DC /* Project object */ = {
			isa = PBXProject;
			attributes = {
				LastSwiftUpdateCheck = 0820;
				LastUpgradeCheck = 0820;
				TargetAttributes = {
					64864B811E39E456002301DC = {
						CreatedOnToolsVersion = 8.2.1;
						DevelopmentTeam = 92K55N8443;
						ProvisioningStyle = Automatic;
					};
				};
			};
			buildConfigurationList = 64864B7D1E39E456002301DC /* Build configuration list for PBXProject "AppBuilders2017" */;
			compatibilityVersion = "Xcode 3.2";
			developmentRegion = English;
			hasScannedForEncodings = 0;
			knownRegions = (
				en,
				Base,
			);
			mainGroup = 64864B791E39E456002301DC;
			productRefGroup = 64864B831E39E457002301DC /* Products */;
			projectDirPath = "";
			projectRoot = "";
			targets = (
				64864B811E39E456002301DC /* AppBuilders2017 */,
			);
		};
/* End PBXProject section */

/* Begin PBXResourcesBuildPhase section */
		64864B801E39E456002301DC /* Resources */ = {
			isa = PBXResourcesBuildPhase;
			buildActionMask = 2147483647;
			files = (
				64864B901E39E457002301DC /* LaunchScreen.storyboard in Resources */,
				64020FAF1E3F3DCC00AB4034 /* LFTEtica-Regular.otf in Resources */,
				64020FB11E3F558B00AB4034 /* Assets.xcassets in Resources */,
				64F251E41E44CFBF00023D4F /* LottieLogo1.json in Resources */,
				64864B8B1E39E457002301DC /* Main.storyboard in Resources */,
			);
			runOnlyForDeploymentPostprocessing = 0;
		};
/* End PBXResourcesBuildPhase section */

/* Begin PBXShellScriptBuildPhase section */
		331EC5B1297A37CACC6D040C /* [CP] Copy Pods Resources */ = {
			isa = PBXShellScriptBuildPhase;
			buildActionMask = 2147483647;
			files = (
			);
			inputPaths = (
			);
			name = "[CP] Copy Pods Resources";
			outputPaths = (
			);
			runOnlyForDeploymentPostprocessing = 0;
			shellPath = /bin/sh;
			shellScript = "\"${SRCROOT}/Pods/Target Support Files/Pods-AppBuilders2017/Pods-AppBuilders2017-resources.sh\"\n";
			showEnvVarsInLog = 0;
		};
		3751076BF4DB366CCBED216B /* [CP] Embed Pods Frameworks */ = {
			isa = PBXShellScriptBuildPhase;
			buildActionMask = 2147483647;
			files = (
			);
			inputPaths = (
			);
			name = "[CP] Embed Pods Frameworks";
			outputPaths = (
			);
			runOnlyForDeploymentPostprocessing = 0;
			shellPath = /bin/sh;
			shellScript = "\"${SRCROOT}/Pods/Target Support Files/Pods-AppBuilders2017/Pods-AppBuilders2017-frameworks.sh\"\n";
			showEnvVarsInLog = 0;
		};
		E4DFA450ACB30AEA6BAFFDF3 /* [CP] Check Pods Manifest.lock */ = {
			isa = PBXShellScriptBuildPhase;
			buildActionMask = 2147483647;
			files = (
			);
			inputPaths = (
			);
			name = "[CP] Check Pods Manifest.lock";
			outputPaths = (
			);
			runOnlyForDeploymentPostprocessing = 0;
			shellPath = /bin/sh;
			shellScript = "diff \"${PODS_ROOT}/../Podfile.lock\" \"${PODS_ROOT}/Manifest.lock\" > /dev/null\nif [ $? != 0 ] ; then\n    # print error to STDERR\n    echo \"error: The sandbox is not in sync with the Podfile.lock. Run 'pod install' or update your CocoaPods installation.\" >&2\n    exit 1\nfi\n";
			showEnvVarsInLog = 0;
		};
/* End PBXShellScriptBuildPhase section */

/* Begin PBXSourcesBuildPhase section */
		64864B7E1E39E456002301DC /* Sources */ = {
			isa = PBXSourcesBuildPhase;
			buildActionMask = 2147483647;
			files = (
				64864B881E39E457002301DC /* ViewController.swift in Sources */,
				64864B861E39E457002301DC /* AppDelegate.swift in Sources */,
			);
			runOnlyForDeploymentPostprocessing = 0;
		};
/* End PBXSourcesBuildPhase section */

/* Begin PBXVariantGroup section */
		64864B891E39E457002301DC /* Main.storyboard */ = {
			isa = PBXVariantGroup;
			children = (
				64864B8A1E39E457002301DC /* Base */,
			);
			name = Main.storyboard;
			sourceTree = "<group>";
		};
		64864B8E1E39E457002301DC /* LaunchScreen.storyboard */ = {
			isa = PBXVariantGroup;
			children = (
				64864B8F1E39E457002301DC /* Base */,
			);
			name = LaunchScreen.storyboard;
			sourceTree = "<group>";
		};
/* End PBXVariantGroup section */

/* Begin XCBuildConfiguration section */
		64864B921E39E457002301DC /* Debug */ = {
			isa = XCBuildConfiguration;
			buildSettings = {
				ALWAYS_SEARCH_USER_PATHS = NO;
				CLANG_ANALYZER_NONNULL = YES;
				CLANG_CXX_LANGUAGE_STANDARD = "gnu++0x";
				CLANG_CXX_LIBRARY = "libc++";
				CLANG_ENABLE_MODULES = YES;
				CLANG_ENABLE_OBJC_ARC = YES;
				CLANG_WARN_BOOL_CONVERSION = YES;
				CLANG_WARN_CONSTANT_CONVERSION = YES;
				CLANG_WARN_DIRECT_OBJC_ISA_USAGE = YES_ERROR;
				CLANG_WARN_DOCUMENTATION_COMMENTS = YES;
				CLANG_WARN_EMPTY_BODY = YES;
				CLANG_WARN_ENUM_CONVERSION = YES;
				CLANG_WARN_INFINITE_RECURSION = YES;
				CLANG_WARN_INT_CONVERSION = YES;
				CLANG_WARN_OBJC_ROOT_CLASS = YES_ERROR;
				CLANG_WARN_SUSPICIOUS_MOVE = YES;
				CLANG_WARN_UNREACHABLE_CODE = YES;
				CLANG_WARN__DUPLICATE_METHOD_MATCH = YES;
				"CODE_SIGN_IDENTITY[sdk=iphoneos*]" = "iPhone Developer";
				COPY_PHASE_STRIP = NO;
				DEBUG_INFORMATION_FORMAT = dwarf;
				ENABLE_STRICT_OBJC_MSGSEND = YES;
				ENABLE_TESTABILITY = YES;
				GCC_C_LANGUAGE_STANDARD = gnu99;
				GCC_DYNAMIC_NO_PIC = NO;
				GCC_NO_COMMON_BLOCKS = YES;
				GCC_OPTIMIZATION_LEVEL = 0;
				GCC_PREPROCESSOR_DEFINITIONS = (
					"DEBUG=1",
					"$(inherited)",
				);
				GCC_WARN_64_TO_32_BIT_CONVERSION = YES;
				GCC_WARN_ABOUT_RETURN_TYPE = YES_ERROR;
				GCC_WARN_UNDECLARED_SELECTOR = YES;
				GCC_WARN_UNINITIALIZED_AUTOS = YES_AGGRESSIVE;
				GCC_WARN_UNUSED_FUNCTION = YES;
				GCC_WARN_UNUSED_VARIABLE = YES;
				IPHONEOS_DEPLOYMENT_TARGET = 10.2;
				MTL_ENABLE_DEBUG_INFO = YES;
				ONLY_ACTIVE_ARCH = YES;
				SDKROOT = iphoneos;
				SWIFT_ACTIVE_COMPILATION_CONDITIONS = DEBUG;
				SWIFT_OPTIMIZATION_LEVEL = "-Onone";
				TARGETED_DEVICE_FAMILY = "1,2";
			};
			name = Debug;
		};
		64864B931E39E457002301DC /* Release */ = {
			isa = XCBuildConfiguration;
			buildSettings = {
				ALWAYS_SEARCH_USER_PATHS = NO;
				CLANG_ANALYZER_NONNULL = YES;
				CLANG_CXX_LANGUAGE_STANDARD = "gnu++0x";
				CLANG_CXX_LIBRARY = "libc++";
				CLANG_ENABLE_MODULES = YES;
				CLANG_ENABLE_OBJC_ARC = YES;
				CLANG_WARN_BOOL_CONVERSION = YES;
				CLANG_WARN_CONSTANT_CONVERSION = YES;
				CLANG_WARN_DIRECT_OBJC_ISA_USAGE = YES_ERROR;
				CLANG_WARN_DOCUMENTATION_COMMENTS = YES;
				CLANG_WARN_EMPTY_BODY = YES;
				CLANG_WARN_ENUM_CONVERSION = YES;
				CLANG_WARN_INFINITE_RECURSION = YES;
				CLANG_WARN_INT_CONVERSION = YES;
				CLANG_WARN_OBJC_ROOT_CLASS = YES_ERROR;
				CLANG_WARN_SUSPICIOUS_MOVE = YES;
				CLANG_WARN_UNREACHABLE_CODE = YES;
				CLANG_WARN__DUPLICATE_METHOD_MATCH = YES;
				"CODE_SIGN_IDENTITY[sdk=iphoneos*]" = "iPhone Developer";
				COPY_PHASE_STRIP = NO;
				DEBUG_INFORMATION_FORMAT = "dwarf-with-dsym";
				ENABLE_NS_ASSERTIONS = NO;
				ENABLE_STRICT_OBJC_MSGSEND = YES;
				GCC_C_LANGUAGE_STANDARD = gnu99;
				GCC_NO_COMMON_BLOCKS = YES;
				GCC_WARN_64_TO_32_BIT_CONVERSION = YES;
				GCC_WARN_ABOUT_RETURN_TYPE = YES_ERROR;
				GCC_WARN_UNDECLARED_SELECTOR = YES;
				GCC_WARN_UNINITIALIZED_AUTOS = YES_AGGRESSIVE;
				GCC_WARN_UNUSED_FUNCTION = YES;
				GCC_WARN_UNUSED_VARIABLE = YES;
				IPHONEOS_DEPLOYMENT_TARGET = 10.2;
				MTL_ENABLE_DEBUG_INFO = NO;
				SDKROOT = iphoneos;
				SWIFT_OPTIMIZATION_LEVEL = "-Owholemodule";
				TARGETED_DEVICE_FAMILY = "1,2";
				VALIDATE_PRODUCT = YES;
			};
			name = Release;
		};
		64864B951E39E457002301DC /* Debug */ = {
			isa = XCBuildConfiguration;
			baseConfigurationReference = 0EE5340B83BE4BB8F180E55B /* Pods-AppBuilders2017.debug.xcconfig */;
			buildSettings = {
				ASSETCATALOG_COMPILER_APPICON_NAME = AppIcon;
				DEVELOPMENT_TEAM = 92K55N8443;
				INFOPLIST_FILE = AppBuilders2017/Info.plist;
				LD_RUNPATH_SEARCH_PATHS = "$(inherited) @executable_path/Frameworks";
				PRODUCT_BUNDLE_IDENTIFIER = Liip.AppBuilders2017;
				PRODUCT_NAME = "$(TARGET_NAME)";
				SWIFT_VERSION = 3.0;
			};
			name = Debug;
		};
		64864B961E39E457002301DC /* Release */ = {
			isa = XCBuildConfiguration;
			baseConfigurationReference = BEDED76262542CC023FDE415 /* Pods-AppBuilders2017.release.xcconfig */;
			buildSettings = {
				ASSETCATALOG_COMPILER_APPICON_NAME = AppIcon;
				DEVELOPMENT_TEAM = 92K55N8443;
				INFOPLIST_FILE = AppBuilders2017/Info.plist;
				LD_RUNPATH_SEARCH_PATHS = "$(inherited) @executable_path/Frameworks";
				PRODUCT_BUNDLE_IDENTIFIER = Liip.AppBuilders2017;
				PRODUCT_NAME = "$(TARGET_NAME)";
				SWIFT_VERSION = 3.0;
			};
			name = Release;
		};
/* End XCBuildConfiguration section */

/* Begin XCConfigurationList section */
		64864B7D1E39E456002301DC /* Build configuration list for PBXProject "AppBuilders2017" */ = {
			isa = XCConfigurationList;
			buildConfigurations = (
				64864B921E39E457002301DC /* Debug */,
				64864B931E39E457002301DC /* Release */,
			);
			defaultConfigurationIsVisible = 0;
			defaultConfigurationName = Release;
		};
		64864B941E39E457002301DC /* Build configuration list for PBXNativeTarget "AppBuilders2017" */ = {
			isa = XCConfigurationList;
			buildConfigurations = (
				64864B951E39E457002301DC /* Debug */,
				64864B961E39E457002301DC /* Release */,
			);
			defaultConfigurationIsVisible = 0;
			defaultConfigurationName = Release;
		};
/* End XCConfigurationList section */
	};
	rootObject = 64864B7A1E39E456002301DC /* Project object */;
}
